
Microsoft Visual Studio Solution File, Format Version 12.00
# Visual Studio Version 17
VisualStudioVersion = 17.5.2.0
MinimumVisualStudioVersion = 10.0.40219.1
Project("{FAE04EC0-301F-11D3-BF4B-00C04F79EFBC}") = "QuestForge.Engine", "QuestForge.Engine\QuestForge.Engine.csproj", "{56E4A3B3-9726-6367-DE39-FF4E28CE591C}"
EndProject
Project("{FAE04EC0-301F-11D3-BF4B-00C04F79EFBC}") = "QuestForge.Tests", "QuestForge.Tests\QuestForge.Tests.csproj", "{9785EE79-AC73-4907-82C6-391DA3A0124C}"
EndProject
Global
	GlobalSection(SolutionConfigurationPlatforms) = preSolution
		Debug|Any CPU = Debug|Any CPU
		Debug|x64 = Debug|x64
		Debug|x86 = Debug|x86
		Release|Any CPU = Release|Any CPU
		Release|x64 = Release|x64
		Release|x86 = Release|x86
	EndGlobalSection
	GlobalSection(ProjectConfigurationPlatforms) = postSolution
		{56E4A3B3-9726-6367-DE39-FF4E28CE591C}.Debug|Any CPU.ActiveCfg = Debug|Any CPU
		{56E4A3B3-9726-6367-DE39-FF4E28CE591C}.Debug|Any CPU.Build.0 = Debug|Any CPU
		{56E4A3B3-9726-6367-DE39-FF4E28CE591C}.Debug|x64.ActiveCfg = Debug|Any CPU
		{56E4A3B3-9726-6367-DE39-FF4E28CE591C}.Debug|x64.Build.0 = Debug|Any CPU
		{56E4A3B3-9726-6367-DE39-FF4E28CE591C}.Debug|x86.ActiveCfg = Debug|Any CPU
		{56E4A3B3-9726-6367-DE39-FF4E28CE591C}.Debug|x86.Build.0 = Debug|Any CPU
		{56E4A3B3-9726-6367-DE39-FF4E28CE591C}.Release|Any CPU.ActiveCfg = Release|Any CPU
		{56E4A3B3-9726-6367-DE39-FF4E28CE591C}.Release|Any CPU.Build.0 = Release|Any CPU
		{56E4A3B3-9726-6367-DE39-FF4E28CE591C}.Release|x64.ActiveCfg = Release|Any CPU
		{56E4A3B3-9726-6367-DE39-FF4E28CE591C}.Release|x64.Build.0 = Release|Any CPU
		{56E4A3B3-9726-6367-DE39-FF4E28CE591C}.Release|x86.ActiveCfg = Release|Any CPU
		{56E4A3B3-9726-6367-DE39-FF4E28CE591C}.Release|x86.Build.0 = Release|Any CPU
		{9785EE79-AC73-4907-82C6-391DA3A0124C}.Debug|Any CPU.ActiveCfg = Debug|Any CPU
		{9785EE79-AC73-4907-82C6-391DA3A0124C}.Debug|Any CPU.Build.0 = Debug|Any CPU
		{9785EE79-AC73-4907-82C6-391DA3A0124C}.Debug|x64.ActiveCfg = Debug|Any CPU
		{9785EE79-AC73-4907-82C6-391DA3A0124C}.Debug|x64.Build.0 = Debug|Any CPU
		{9785EE79-AC73-4907-82C6-391DA3A0124C}.Debug|x86.ActiveCfg = Debug|Any CPU
		{9785EE79-AC73-4907-82C6-391DA3A0124C}.Debug|x86.Build.0 = Debug|Any CPU
		{9785EE79-AC73-4907-82C6-391DA3A0124C}.Release|Any CPU.ActiveCfg = Release|Any CPU
		{9785EE79-AC73-4907-82C6-391DA3A0124C}.Release|Any CPU.Build.0 = Release|Any CPU
		{9785EE79-AC73-4907-82C6-391DA3A0124C}.Release|x64.ActiveCfg = Release|Any CPU
		{9785EE79-AC73-4907-82C6-391DA3A0124C}.Release|x64.Build.0 = Release|Any CPU
		{9785EE79-AC73-4907-82C6-391DA3A0124C}.Release|x86.ActiveCfg = Release|Any CPU
		{9785EE79-AC73-4907-82C6-391DA3A0124C}.Release|x86.Build.0 = Release|Any CPU
	EndGlobalSection
	GlobalSection(SolutionProperties) = preSolution
		HideSolutionNode = FALSE
	EndGlobalSection
	GlobalSection(ExtensibilityGlobals) = postSolution
		SolutionGuid = {87900BE1-5B3E-450F-9E7E-F4C5BD7173C3}
	EndGlobalSection
EndGlobal
